// !$*UTF8*$!
{
	archiveVersion = 1;
	classes = {
	};
	objectVersion = 46;
	objects = {

/* Begin PBXBuildFile section */
		B77750F11AE758A7001FA7A7 /* QuaterbackStats.swift in Sources */ = {isa = PBXBuildFile; fileRef = B77750F01AE758A7001FA7A7 /* QuaterbackStats.swift */; };
		B7EF64511AE6210900FF26C9 /* AppDelegate.swift in Sources */ = {isa = PBXBuildFile; fileRef = B7EF64501AE6210900FF26C9 /* AppDelegate.swift */; };
		B7EF64531AE6210900FF26C9 /* ViewController.swift in Sources */ = {isa = PBXBuildFile; fileRef = B7EF64521AE6210900FF26C9 /* ViewController.swift */; };
		B7EF64561AE6210900FF26C9 /* Main.storyboard in Resources */ = {isa = PBXBuildFile; fileRef = B7EF64541AE6210900FF26C9 /* Main.storyboard */; };
		B7EF64581AE6210900FF26C9 /* Images.xcassets in Resources */ = {isa = PBXBuildFile; fileRef = B7EF64571AE6210900FF26C9 /* Images.xcassets */; };
		B7EF645B1AE6210900FF26C9 /* LaunchScreen.xib in Resources */ = {isa = PBXBuildFile; fileRef = B7EF64591AE6210900FF26C9 /* LaunchScreen.xib */; };
		B7EF64671AE6210900FF26C9 /* FF_Draft_ManagerTests.swift in Sources */ = {isa = PBXBuildFile; fileRef = B7EF64661AE6210900FF26C9 /* FF_Draft_ManagerTests.swift */; };
		B7EF64711AE6235400FF26C9 /* Player.swift in Sources */ = {isa = PBXBuildFile; fileRef = B7EF64701AE6235400FF26C9 /* Player.swift */; };
/* End PBXBuildFile section */

/* Begin PBXContainerItemProxy section */
		B7EF64611AE6210900FF26C9 /* PBXContainerItemProxy */ = {
			isa = PBXContainerItemProxy;
			containerPortal = B7EF64431AE6210800FF26C9 /* Project object */;
			proxyType = 1;
			remoteGlobalIDString = B7EF644A1AE6210800FF26C9;
			remoteInfo = "FF Draft Manager";
		};
/* End PBXContainerItemProxy section */

/* Begin PBXFileReference section */
		B77750F01AE758A7001FA7A7 /* QuaterbackStats.swift */ = {isa = PBXFileReference; fileEncoding = 4; lastKnownFileType = sourcecode.swift; path = QuaterbackStats.swift; sourceTree = "<group>"; };
		B7EF644B1AE6210900FF26C9 /* FF Draft Manager.app */ = {isa = PBXFileReference; explicitFileType = wrapper.application; includeInIndex = 0; path = "FF Draft Manager.app"; sourceTree = BUILT_PRODUCTS_DIR; };
		B7EF644F1AE6210900FF26C9 /* Info.plist */ = {isa = PBXFileReference; lastKnownFileType = text.plist.xml; path = Info.plist; sourceTree = "<group>"; };
		B7EF64501AE6210900FF26C9 /* AppDelegate.swift */ = {isa = PBXFileReference; lastKnownFileType = sourcecode.swift; path = AppDelegate.swift; sourceTree = "<group>"; };
		B7EF64521AE6210900FF26C9 /* ViewController.swift */ = {isa = PBXFileReference; lastKnownFileType = sourcecode.swift; path = ViewController.swift; sourceTree = "<group>"; };
		B7EF64551AE6210900FF26C9 /* Base */ = {isa = PBXFileReference; lastKnownFileType = file.storyboard; name = Base; path = Base.lproj/Main.storyboard; sourceTree = "<group>"; };
		B7EF64571AE6210900FF26C9 /* Images.xcassets */ = {isa = PBXFileReference; lastKnownFileType = folder.assetcatalog; path = Images.xcassets; sourceTree = "<group>"; };
		B7EF645A1AE6210900FF26C9 /* Base */ = {isa = PBXFileReference; lastKnownFileType = file.xib; name = Base; path = Base.lproj/LaunchScreen.xib; sourceTree = "<group>"; };
		B7EF64601AE6210900FF26C9 /* FF Draft ManagerTests.xctest */ = {isa = PBXFileReference; explicitFileType = wrapper.cfbundle; includeInIndex = 0; path = "FF Draft ManagerTests.xctest"; sourceTree = BUILT_PRODUCTS_DIR; };
		B7EF64651AE6210900FF26C9 /* Info.plist */ = {isa = PBXFileReference; lastKnownFileType = text.plist.xml; path = Info.plist; sourceTree = "<group>"; };
		B7EF64661AE6210900FF26C9 /* FF_Draft_ManagerTests.swift */ = {isa = PBXFileReference; lastKnownFileType = sourcecode.swift; path = FF_Draft_ManagerTests.swift; sourceTree = "<group>"; };
		B7EF64701AE6235400FF26C9 /* Player.swift */ = {isa = PBXFileReference; fileEncoding = 4; lastKnownFileType = sourcecode.swift; path = Player.swift; sourceTree = "<group>"; };
/* End PBXFileReference section */

/* Begin PBXFrameworksBuildPhase section */
		B7EF64481AE6210800FF26C9 /* Frameworks */ = {
			isa = PBXFrameworksBuildPhase;
			buildActionMask = 2147483647;
			files = (
			);
			runOnlyForDeploymentPostprocessing = 0;
		};
		B7EF645D1AE6210900FF26C9 /* Frameworks */ = {
			isa = PBXFrameworksBuildPhase;
			buildActionMask = 2147483647;
			files = (
			);
			runOnlyForDeploymentPostprocessing = 0;
		};
/* End PBXFrameworksBuildPhase section */

/* Begin PBXGroup section */
		B7EF64421AE6210800FF26C9 = {
			isa = PBXGroup;
			children = (
				B7EF644D1AE6210900FF26C9 /* FF Draft Manager */,
				B7EF64631AE6210900FF26C9 /* FF Draft ManagerTests */,
				B7EF644C1AE6210900FF26C9 /* Products */,
			);
			sourceTree = "<group>";
		};
		B7EF644C1AE6210900FF26C9 /* Products */ = {
			isa = PBXGroup;
			children = (
				B7EF644B1AE6210900FF26C9 /* FF Draft Manager.app */,
				B7EF64601AE6210900FF26C9 /* FF Draft ManagerTests.xctest */,
			);
			name = Products;
			sourceTree = "<group>";
		};
		B7EF644D1AE6210900FF26C9 /* FF Draft Manager */ = {
			isa = PBXGroup;
			children = (
				B7EF64501AE6210900FF26C9 /* AppDelegate.swift */,
				B7EF64521AE6210900FF26C9 /* ViewController.swift */,
				B7EF64541AE6210900FF26C9 /* Main.storyboard */,
				B7EF64571AE6210900FF26C9 /* Images.xcassets */,
				B7EF64591AE6210900FF26C9 /* LaunchScreen.xib */,
				B7EF644E1AE6210900FF26C9 /* Supporting Files */,
				B7EF64701AE6235400FF26C9 /* Player.swift */,
				B77750F01AE758A7001FA7A7 /* QuaterbackStats.swift */,
			);
			path = "FF Draft Manager";
			sourceTree = "<group>";
		};
		B7EF644E1AE6210900FF26C9 /* Supporting Files */ = {
			isa = PBXGroup;
			children = (
				B7EF644F1AE6210900FF26C9 /* Info.plist */,
			);
			name = "Supporting Files";
			sourceTree = "<group>";
		};
		B7EF64631AE6210900FF26C9 /* FF Draft ManagerTests */ = {
			isa = PBXGroup;
			children = (
				B7EF64661AE6210900FF26C9 /* FF_Draft_ManagerTests.swift */,
				B7EF64641AE6210900FF26C9 /* Supporting Files */,
			);
			path = "FF Draft ManagerTests";
			sourceTree = "<group>";
		};
		B7EF64641AE6210900FF26C9 /* Supporting Files */ = {
			isa = PBXGroup;
			children = (
				B7EF64651AE6210900FF26C9 /* Info.plist */,
			);
			name = "Supporting Files";
			sourceTree = "<group>";
		};
/* End PBXGroup section */

/* Begin PBXNativeTarget section */
		B7EF644A1AE6210800FF26C9 /* FF Draft Manager */ = {
			isa = PBXNativeTarget;
			buildConfigurationList = B7EF646A1AE6210900FF26C9 /* Build configuration list for PBXNativeTarget "FF Draft Manager" */;
			buildPhases = (
				B7EF64471AE6210800FF26C9 /* Sources */,
				B7EF64481AE6210800FF26C9 /* Frameworks */,
				B7EF64491AE6210800FF26C9 /* Resources */,
			);
			buildRules = (
			);
			dependencies = (
			);
			name = "FF Draft Manager";
			productName = "FF Draft Manager";
			productReference = B7EF644B1AE6210900FF26C9 /* FF Draft Manager.app */;
			productType = "com.apple.product-type.application";
		};
		B7EF645F1AE6210900FF26C9 /* FF Draft ManagerTests */ = {
			isa = PBXNativeTarget;
			buildConfigurationList = B7EF646D1AE6210900FF26C9 /* Build configuration list for PBXNativeTarget "FF Draft ManagerTests" */;
			buildPhases = (
				B7EF645C1AE6210900FF26C9 /* Sources */,
				B7EF645D1AE6210900FF26C9 /* Frameworks */,
				B7EF645E1AE6210900FF26C9 /* Resources */,
			);
			buildRules = (
			);
			dependencies = (
				B7EF64621AE6210900FF26C9 /* PBXTargetDependency */,
			);
			name = "FF Draft ManagerTests";
			productName = "FF Draft ManagerTests";
			productReference = B7EF64601AE6210900FF26C9 /* FF Draft ManagerTests.xctest */;
			productType = "com.apple.product-type.bundle.unit-test";
		};
/* End PBXNativeTarget section */

/* Begin PBXProject section */
		B7EF64431AE6210800FF26C9 /* Project object */ = {
			isa = PBXProject;
			attributes = {
				LastUpgradeCheck = 0630;
				ORGANIZATIONNAME = "J. Brant Carson";
				TargetAttributes = {
					B7EF644A1AE6210800FF26C9 = {
						CreatedOnToolsVersion = 6.3;
					};
					B7EF645F1AE6210900FF26C9 = {
						CreatedOnToolsVersion = 6.3;
						TestTargetID = B7EF644A1AE6210800FF26C9;
					};
				};
			};
			buildConfigurationList = B7EF64461AE6210800FF26C9 /* Build configuration list for PBXProject "FF Draft Manager" */;
			compatibilityVersion = "Xcode 3.2";
			developmentRegion = English;
			hasScannedForEncodings = 0;
			knownRegions = (
				en,
				Base,
			);
			mainGroup = B7EF64421AE6210800FF26C9;
			productRefGroup = B7EF644C1AE6210900FF26C9 /* Products */;
			projectDirPath = "";
			projectRoot = "";
			targets = (
				B7EF644A1AE6210800FF26C9 /* FF Draft Manager */,
				B7EF645F1AE6210900FF26C9 /* FF Draft ManagerTests */,
			);
		};
/* End PBXProject section */

/* Begin PBXResourcesBuildPhase section */
		B7EF64491AE6210800FF26C9 /* Resources */ = {
			isa = PBXResourcesBuildPhase;
			buildActionMask = 2147483647;
			files = (
				B7EF64561AE6210900FF26C9 /* Main.storyboard in Resources */,
				B7EF645B1AE6210900FF26C9 /* LaunchScreen.xib in Resources */,
				B7EF64581AE6210900FF26C9 /* Images.xcassets in Resources */,
			);
			runOnlyForDeploymentPostprocessing = 0;
		};
		B7EF645E1AE6210900FF26C9 /* Resources */ = {
			isa = PBXResourcesBuildPhase;
			buildActionMask = 2147483647;
			files = (
			);
			runOnlyForDeploymentPostprocessing = 0;
		};
/* End PBXResourcesBuildPhase section */

/* Begin PBXSourcesBuildPhase section */
		B7EF64471AE6210800FF26C9 /* Sources */ = {
			isa = PBXSourcesBuildPhase;
			buildActionMask = 2147483647;
			files = (
				B7EF64531AE6210900FF26C9 /* ViewController.swift in Sources */,
				B7EF64711AE6235400FF26C9 /* Player.swift in Sources */,
				B77750F11AE758A7001FA7A7 /* QuaterbackStats.swift in Sources */,
				B7EF64511AE6210900FF26C9 /* AppDelegate.swift in Sources */,
			);
			runOnlyForDeploymentPostprocessing = 0;
		};
		B7EF645C1AE6210900FF26C9 /* Sources */ = {
			isa = PBXSourcesBuildPhase;
			buildActionMask = 2147483647;
			files = (
				B7EF64671AE6210900FF26C9 /* FF_Draft_ManagerTests.swift in Sources */,
			);
			runOnlyForDeploymentPostprocessing = 0;
		};
/* End PBXSourcesBuildPhase section */

/* Begin PBXTargetDependency section */
		B7EF64621AE6210900FF26C9 /* PBXTargetDependency */ = {
			isa = PBXTargetDependency;
			target = B7EF644A1AE6210800FF26C9 /* FF Draft Manager */;
			targetProxy = B7EF64611AE6210900FF26C9 /* PBXContainerItemProxy */;
		};
/* End PBXTargetDependency section */

/* Begin PBXVariantGroup section */
		B7EF64541AE6210900FF26C9 /* Main.storyboard */ = {
			isa = PBXVariantGroup;
			children = (
				B7EF64551AE6210900FF26C9 /* Base */,
			);
			name = Main.storyboard;
			sourceTree = "<group>";
		};
		B7EF64591AE6210900FF26C9 /* LaunchScreen.xib */ = {
			isa = PBXVariantGroup;
			children = (
				B7EF645A1AE6210900FF26C9 /* Base */,
			);
			name = LaunchScreen.xib;
			sourceTree = "<group>";
		};
/* End PBXVariantGroup section */

/* Begin XCBuildConfiguration section */
		B7EF64681AE6210900FF26C9 /* Debug */ = {
			isa = XCBuildConfiguration;
			buildSettings = {
				ALWAYS_SEARCH_USER_PATHS = NO;
				CLANG_CXX_LANGUAGE_STANDARD = "gnu++0x";
				CLANG_CXX_LIBRARY = "libc++";
				CLANG_ENABLE_MODULES = YES;
				CLANG_ENABLE_OBJC_ARC = YES;
				CLANG_WARN_BOOL_CONVERSION = YES;
				CLANG_WARN_CONSTANT_CONVERSION = YES;
				CLANG_WARN_DIRECT_OBJC_ISA_USAGE = YES_ERROR;
				CLANG_WARN_EMPTY_BODY = YES;
				CLANG_WARN_ENUM_CONVERSION = YES;
				CLANG_WARN_INT_CONVERSION = YES;
				CLANG_WARN_OBJC_ROOT_CLASS = YES_ERROR;
				CLANG_WARN_UNREACHABLE_CODE = YES;
				CLANG_WARN__DUPLICATE_METHOD_MATCH = YES;
				"CODE_SIGN_IDENTITY[sdk=iphoneos*]" = "iPhone Developer";
				COPY_PHASE_STRIP = NO;
				DEBUG_INFORMATION_FORMAT = "dwarf-with-dsym";
				ENABLE_STRICT_OBJC_MSGSEND = YES;
				GCC_C_LANGUAGE_STANDARD = gnu99;
				GCC_DYNAMIC_NO_PIC = NO;
				GCC_NO_COMMON_BLOCKS = YES;
				GCC_OPTIMIZATION_LEVEL = 0;
				GCC_PREPROCESSOR_DEFINITIONS = (
					"DEBUG=1",
					"$(inherited)",
				);
				GCC_SYMBOLS_PRIVATE_EXTERN = NO;
				GCC_WARN_64_TO_32_BIT_CONVERSION = YES;
				GCC_WARN_ABOUT_RETURN_TYPE = YES_ERROR;
				GCC_WARN_UNDECLARED_SELECTOR = YES;
				GCC_WARN_UNINITIALIZED_AUTOS = YES_AGGRESSIVE;
				GCC_WARN_UNUSED_FUNCTION = YES;
				GCC_WARN_UNUSED_VARIABLE = YES;
				IPHONEOS_DEPLOYMENT_TARGET = 8.3;
				MTL_ENABLE_DEBUG_INFO = YES;
				ONLY_ACTIVE_ARCH = YES;
				SDKROOT = iphoneos;
				SWIFT_OPTIMIZATION_LEVEL = "-Onone";
			};
			name = Debug;
		};
		B7EF64691AE6210900FF26C9 /* Release */ = {
			isa = XCBuildConfiguration;
			buildSettings = {
				ALWAYS_SEARCH_USER_PATHS = NO;
				CLANG_CXX_LANGUAGE_STANDARD = "gnu++0x";
				CLANG_CXX_LIBRARY = "libc++";
				CLANG_ENABLE_MODULES = YES;
				CLANG_ENABLE_OBJC_ARC = YES;
				CLANG_WARN_BOOL_CONVERSION = YES;
				CLANG_WARN_CONSTANT_CONVERSION = YES;
				CLANG_WARN_DIRECT_OBJC_ISA_USAGE = YES_ERROR;
				CLANG_WARN_EMPTY_BODY = YES;
				CLANG_WARN_ENUM_CONVERSION = YES;
				CLANG_WARN_INT_CONVERSION = YES;
				CLANG_WARN_OBJC_ROOT_CLASS = YES_ERROR;
				CLANG_WARN_UNREACHABLE_CODE = YES;
				CLANG_WARN__DUPLICATE_METHOD_MATCH = YES;
				"CODE_SIGN_IDENTITY[sdk=iphoneos*]" = "iPhone Developer";
				COPY_PHASE_STRIP = NO;
				DEBUG_INFORMATION_FORMAT = "dwarf-with-dsym";
				ENABLE_NS_ASSERTIONS = NO;
				ENABLE_STRICT_OBJC_MSGSEND = YES;
				GCC_C_LANGUAGE_STANDARD = gnu99;
				GCC_NO_COMMON_BLOCKS = YES;
				GCC_WARN_64_TO_32_BIT_CONVERSION = YES;
				GCC_WARN_ABOUT_RETURN_TYPE = YES_ERROR;
				GCC_WARN_UNDECLARED_SELECTOR = YES;
				GCC_WARN_UNINITIALIZED_AUTOS = YES_AGGRESSIVE;
				GCC_WARN_UNUSED_FUNCTION = YES;
				GCC_WARN_UNUSED_VARIABLE = YES;
				IPHONEOS_DEPLOYMENT_TARGET = 8.3;
				MTL_ENABLE_DEBUG_INFO = NO;
				SDKROOT = iphoneos;
				VALIDATE_PRODUCT = YES;
			};
			name = Release;
		};
		B7EF646B1AE6210900FF26C9 /* Debug */ = {
			isa = XCBuildConfiguration;
			buildSettings = {
				ASSETCATALOG_COMPILER_APPICON_NAME = AppIcon;
				INFOPLIST_FILE = "FF Draft Manager/Info.plist";
				LD_RUNPATH_SEARCH_PATHS = "$(inherited) @executable_path/Frameworks";
				PRODUCT_NAME = "$(TARGET_NAME)";
			};
			name = Debug;
		};
		B7EF646C1AE6210900FF26C9 /* Release */ = {
			isa = XCBuildConfiguration;
			buildSettings = {
				ASSETCATALOG_COMPILER_APPICON_NAME = AppIcon;
				INFOPLIST_FILE = "FF Draft Manager/Info.plist";
				LD_RUNPATH_SEARCH_PATHS = "$(inherited) @executable_path/Frameworks";
				PRODUCT_NAME = "$(TARGET_NAME)";
			};
			name = Release;
		};
		B7EF646E1AE6210900FF26C9 /* Debug */ = {
			isa = XCBuildConfiguration;
			buildSettings = {
				BUNDLE_LOADER = "$(TEST_HOST)";
				FRAMEWORK_SEARCH_PATHS = (
					"$(SDKROOT)/Developer/Library/Frameworks",
					"$(inherited)",
				);
				GCC_PREPROCESSOR_DEFINITIONS = (
					"DEBUG=1",
					"$(inherited)",
				);
				INFOPLIST_FILE = "FF Draft ManagerTests/Info.plist";
				LD_RUNPATH_SEARCH_PATHS = "$(inherited) @executable_path/Frameworks @loader_path/Frameworks";
				PRODUCT_NAME = "$(TARGET_NAME)";
				TEST_HOST = "$(BUILT_PRODUCTS_DIR)/FF Draft Manager.app/FF Draft Manager";
			};
			name = Debug;
		};
		B7EF646F1AE6210900FF26C9 /* Release */ = {
			isa = XCBuildConfiguration;
			buildSettings = {
				BUNDLE_LOADER = "$(TEST_HOST)";
				FRAMEWORK_SEARCH_PATHS = (
					"$(SDKROOT)/Developer/Library/Frameworks",
					"$(inherited)",
				);
				INFOPLIST_FILE = "FF Draft ManagerTests/Info.plist";
				LD_RUNPATH_SEARCH_PATHS = "$(inherited) @executable_path/Frameworks @loader_path/Frameworks";
				PRODUCT_NAME = "$(TARGET_NAME)";
				TEST_HOST = "$(BUILT_PRODUCTS_DIR)/FF Draft Manager.app/FF Draft Manager";
			};
			name = Release;
		};
/* End XCBuildConfiguration section */

/* Begin XCConfigurationList section */
		B7EF64461AE6210800FF26C9 /* Build configuration list for PBXProject "FF Draft Manager" */ = {
			isa = XCConfigurationList;
			buildConfigurations = (
				B7EF64681AE6210900FF26C9 /* Debug */,
				B7EF64691AE6210900FF26C9 /* Release */,
			);
			defaultConfigurationIsVisible = 0;
			defaultConfigurationName = Release;
		};
		B7EF646A1AE6210900FF26C9 /* Build configuration list for PBXNativeTarget "FF Draft Manager" */ = {
			isa = XCConfigurationList;
			buildConfigurations = (
				B7EF646B1AE6210900FF26C9 /* Debug */,
				B7EF646C1AE6210900FF26C9 /* Release */,
			);
			defaultConfigurationIsVisible = 0;
			defaultConfigurationName = Release;
		};
		B7EF646D1AE6210900FF26C9 /* Build configuration list for PBXNativeTarget "FF Draft ManagerTests" */ = {
			isa = XCConfigurationList;
			buildConfigurations = (
				B7EF646E1AE6210900FF26C9 /* Debug */,
				B7EF646F1AE6210900FF26C9 /* Release */,
			);
			defaultConfigurationIsVisible = 0;
			defaultConfigurationName = Release;
		};
/* End XCConfigurationList section */
	};
	rootObject = B7EF64431AE6210800FF26C9 /* Project object */;
}
